
Microsoft Visual Studio Solution File, Format Version 12.00
Project("{FAE04EC0-301F-11D3-BF4B-00C04F79EFBC}") = "Equaliser", "Equaliser\Equaliser.csproj", "{D2EF3E1E-4667-4713-AC75-4A4834703B54}"
EndProject
Global
	GlobalSection(SolutionConfigurationPlatforms) = preSolution
		Debug|Any CPU = Debug|Any CPU
		Release|Any CPU = Release|Any CPU
	EndGlobalSection
	GlobalSection(ProjectConfigurationPlatforms) = postSolution
		{D2EF3E1E-4667-4713-AC75-4A4834703B54}.Debug|Any CPU.ActiveCfg = Debug|Any CPU
		{D2EF3E1E-4667-4713-AC75-4A4834703B54}.Debug|Any CPU.Build.0 = Debug|Any CPU
		{D2EF3E1E-4667-4713-AC75-4A4834703B54}.Release|Any CPU.ActiveCfg = Release|Any CPU
		{D2EF3E1E-4667-4713-AC75-4A4834703B54}.Release|Any CPU.Build.0 = Release|Any CPU
	EndGlobalSection
EndGlobal
